<?xml version="1.0" encoding="UTF-8"?>
<Solution>
	<Configurations>
		<BuildType Name="Debug"/>
		<BuildType Name="Release"/>
		<BuildType Name="MinSizeRel"/>
		<BuildType Name="RelWithDebInfo"/>
		<Platform Name="x64"/>
	</Configurations>
	<Project Path="ALL_BUILD.vcxproj" Type="8bc9ceb8-8b4a-11d0-8d11-00a0c91bc942" Id="1b9c8fdc-32b8-32d6-8bd6-4df94dd862ad" DefaultStartup="true">
		<BuildDependency Project="ZERO_CHECK.vcxproj"/>
		<BuildDependency Project="_deps/googletest-build/googlemock/gmock.vcxproj"/>
		<BuildDependency Project="_deps/googletest-build/googlemock/gmock_main.vcxproj"/>
		<BuildDependency Project="_deps/googletest-build/googletest/gtest.vcxproj"/>
		<BuildDependency Project="_deps/googletest-build/googletest/gtest_main.vcxproj"/>
		<BuildDependency Project="imdb-topk.vcxproj"/>
		<BuildDependency Project="imdb_core.vcxproj"/>
		<BuildDependency Project="test_cli.vcxproj"/>
		<BuildDependency Project="test_loader.vcxproj"/>
		<BuildDependency Project="test_minheap.vcxproj"/>
		<BuildDependency Project="test_rbtree.vcxproj"/>
	</Project>
	<Project Path="INSTALL.vcxproj" Type="8bc9ceb8-8b4a-11d0-8d11-00a0c91bc942" Id="f18038bf-5487-335a-be80-e85f3934e734">
		<BuildDependency Project="ALL_BUILD.vcxproj"/>
		<BuildDependency Project="ZERO_CHECK.vcxproj"/>
		<Build Solution="Debug|*" Project="false"/>
		<Build Solution="Release|*" Project="false"/>
		<Build Solution="MinSizeRel|*" Project="false"/>
		<Build Solution="RelWithDebInfo|*" Project="false"/>
	</Project>
	<Project Path="RUN_TESTS.vcxproj" Type="8bc9ceb8-8b4a-11d0-8d11-00a0c91bc942" Id="949a1224-f823-36d2-9b2d-544ed7586727">
		<BuildDependency Project="ZERO_CHECK.vcxproj"/>
		<Build Solution="Debug|*" Project="false"/>
		<Build Solution="Release|*" Project="false"/>
		<Build Solution="MinSizeRel|*" Project="false"/>
		<Build Solution="RelWithDebInfo|*" Project="false"/>
	</Project>
	<Project Path="ZERO_CHECK.vcxproj" Type="8bc9ceb8-8b4a-11d0-8d11-00a0c91bc942" Id="0adf1c19-412c-38c3-af16-19428eda807b"/>
	<Project Path="_deps/googletest-build/googlemock/gmock.vcxproj" Type="8bc9ceb8-8b4a-11d0-8d11-00a0c91bc942" Id="e074ba81-6d29-3b9a-8791-ee12be9ab9ec">
		<BuildDependency Project="ZERO_CHECK.vcxproj"/>
	</Project>
	<Project Path="_deps/googletest-build/googlemock/gmock_main.vcxproj" Type="8bc9ceb8-8b4a-11d0-8d11-00a0c91bc942" Id="5ffcc79b-0321-3b3b-b9b5-3b568c5324b0">
		<BuildDependency Project="ZERO_CHECK.vcxproj"/>
	</Project>
	<Project Path="_deps/googletest-build/googletest/gtest.vcxproj" Type="8bc9ceb8-8b4a-11d0-8d11-00a0c91bc942" Id="ecb932fa-d0af-3029-b2d9-8b85d476980c">
		<BuildDependency Project="ZERO_CHECK.vcxproj"/>
	</Project>
	<Project Path="_deps/googletest-build/googletest/gtest_main.vcxproj" Type="8bc9ceb8-8b4a-11d0-8d11-00a0c91bc942" Id="ca2b599b-f6cf-3880-8dd9-03a28f056b4f">
		<BuildDependency Project="ZERO_CHECK.vcxproj"/>
		<BuildDependency Project="_deps/googletest-build/googletest/gtest.vcxproj"/>
	</Project>
	<Project Path="imdb-topk.vcxproj" Type="8bc9ceb8-8b4a-11d0-8d11-00a0c91bc942" Id="982198be-fd90-3e06-aceb-9a904a3265d3">
		<BuildDependency Project="ZERO_CHECK.vcxproj"/>
		<BuildDependency Project="imdb_core.vcxproj"/>
	</Project>
	<Project Path="imdb_core.vcxproj" Type="8bc9ceb8-8b4a-11d0-8d11-00a0c91bc942" Id="c0c62161-d8f0-3a8d-978a-ac585a711e67">
		<BuildDependency Project="ZERO_CHECK.vcxproj"/>
	</Project>
	<Project Path="test_cli.vcxproj" Type="8bc9ceb8-8b4a-11d0-8d11-00a0c91bc942" Id="df899fd2-c15d-3bef-bf35-003d1518f7bc">
		<BuildDependency Project="ZERO_CHECK.vcxproj"/>
		<BuildDependency Project="_deps/googletest-build/googletest/gtest.vcxproj"/>
		<BuildDependency Project="_deps/googletest-build/googletest/gtest_main.vcxproj"/>
		<BuildDependency Project="imdb-topk.vcxproj"/>
		<BuildDependency Project="imdb_core.vcxproj"/>
	</Project>
	<Project Path="test_loader.vcxproj" Type="8bc9ceb8-8b4a-11d0-8d11-00a0c91bc942" Id="158baf50-4f93-3c6f-9b64-a737a749dfce">
		<BuildDependency Project="ZERO_CHECK.vcxproj"/>
		<BuildDependency Project="_deps/googletest-build/googletest/gtest.vcxproj"/>
		<BuildDependency Project="_deps/googletest-build/googletest/gtest_main.vcxproj"/>
		<BuildDependency Project="imdb_core.vcxproj"/>
	</Project>
	<Project Path="test_minheap.vcxproj" Type="8bc9ceb8-8b4a-11d0-8d11-00a0c91bc942" Id="da3b5b72-99f4-3271-a9b1-33771cf1aec7">
		<BuildDependency Project="ZERO_CHECK.vcxproj"/>
		<BuildDependency Project="_deps/googletest-build/googletest/gtest.vcxproj"/>
		<BuildDependency Project="_deps/googletest-build/googletest/gtest_main.vcxproj"/>
		<BuildDependency Project="imdb_core.vcxproj"/>
	</Project>
	<Project Path="test_rbtree.vcxproj" Type="8bc9ceb8-8b4a-11d0-8d11-00a0c91bc942" Id="02975118-6b68-3351-91eb-424e942601c0">
		<BuildDependency Project="ZERO_CHECK.vcxproj"/>
		<BuildDependency Project="_deps/googletest-build/googletest/gtest.vcxproj"/>
		<BuildDependency Project="_deps/googletest-build/googletest/gtest_main.vcxproj"/>
		<BuildDependency Project="imdb_core.vcxproj"/>
	</Project>
</Solution>
